
Microsoft Visual Studio Solution File, Format Version 12.00
Project("{FAE04EC0-301F-11D3-BF4B-00C04F79EFBC}") = "course work", "course work\course work.csproj", "{7B393723-8085-4B54-98BC-10AC3BC933D5}"
EndProject
Project("{FAE04EC0-301F-11D3-BF4B-00C04F79EFBC}") = "TestProject1", "TestProject1\TestProject1.csproj", "{176D5C8F-BE11-4C76-9049-BECB1C00C347}"
EndProject
Global
	GlobalSection(SolutionConfigurationPlatforms) = preSolution
		Debug|Any CPU = Debug|Any CPU
		Release|Any CPU = Release|Any CPU
	EndGlobalSection
	GlobalSection(ProjectConfigurationPlatforms) = postSolution
		{7B393723-8085-4B54-98BC-10AC3BC933D5}.Debug|Any CPU.ActiveCfg = Debug|Any CPU
		{7B393723-8085-4B54-98BC-10AC3BC933D5}.Debug|Any CPU.Build.0 = Debug|Any CPU
		{7B393723-8085-4B54-98BC-10AC3BC933D5}.Release|Any CPU.ActiveCfg = Release|Any CPU
		{7B393723-8085-4B54-98BC-10AC3BC933D5}.Release|Any CPU.Build.0 = Release|Any CPU
		{176D5C8F-BE11-4C76-9049-BECB1C00C347}.Debug|Any CPU.ActiveCfg = Debug|Any CPU
		{176D5C8F-BE11-4C76-9049-BECB1C00C347}.Debug|Any CPU.Build.0 = Debug|Any CPU
		{176D5C8F-BE11-4C76-9049-BECB1C00C347}.Release|Any CPU.ActiveCfg = Release|Any CPU
		{176D5C8F-BE11-4C76-9049-BECB1C00C347}.Release|Any CPU.Build.0 = Release|Any CPU
	EndGlobalSection
EndGlobal
